// !$*UTF8*$!
{
	archiveVersion = 1;
	classes = {
	};
	objectVersion = 48;
	objects = {

/* Begin PBXBuildFile section */
		2C8B508FAEF4CB001599EE88 /* Pods_chat.framework in Frameworks */ = {isa = PBXBuildFile; fileRef = 01F9ADD259D64499CFCDA099 /* Pods_chat.framework */; };
		9F0474E9201B705D0094FE8C /* AppDelegate.swift in Sources */ = {isa = PBXBuildFile; fileRef = 9F0474E8201B705D0094FE8C /* AppDelegate.swift */; };
		9F0474EE201B705D0094FE8C /* Main.storyboard in Resources */ = {isa = PBXBuildFile; fileRef = 9F0474EC201B705D0094FE8C /* Main.storyboard */; };
		9F0474F0201B705D0094FE8C /* Assets.xcassets in Resources */ = {isa = PBXBuildFile; fileRef = 9F0474EF201B705D0094FE8C /* Assets.xcassets */; };
		9F0474F3201B705D0094FE8C /* LaunchScreen.storyboard in Resources */ = {isa = PBXBuildFile; fileRef = 9F0474F1201B705D0094FE8C /* LaunchScreen.storyboard */; };
		9F0474FE201B705D0094FE8C /* chatTests.swift in Sources */ = {isa = PBXBuildFile; fileRef = 9F0474FD201B705D0094FE8C /* chatTests.swift */; };
		9F04750B201B7A250094FE8C /* DSChatViewController.swift in Sources */ = {isa = PBXBuildFile; fileRef = 9F04750A201B7A250094FE8C /* DSChatViewController.swift */; };
		9F04750D201B7CE60094FE8C /* RegisterViewController.swift in Sources */ = {isa = PBXBuildFile; fileRef = 9F04750C201B7CE60094FE8C /* RegisterViewController.swift */; };
		9F04750F201B7D580094FE8C /* GoogleService-Info.plist in Resources */ = {isa = PBXBuildFile; fileRef = 9F04750E201B7D580094FE8C /* GoogleService-Info.plist */; };
		9F047511201B8D130094FE8C /* LogInViewController.swift in Sources */ = {isa = PBXBuildFile; fileRef = 9F047510201B8D130094FE8C /* LogInViewController.swift */; };
/* End PBXBuildFile section */

/* Begin PBXContainerItemProxy section */
		9F0474FA201B705D0094FE8C /* PBXContainerItemProxy */ = {
			isa = PBXContainerItemProxy;
			containerPortal = 9F0474DD201B705D0094FE8C /* Project object */;
			proxyType = 1;
			remoteGlobalIDString = 9F0474E4201B705D0094FE8C;
			remoteInfo = chat;
		};
/* End PBXContainerItemProxy section */

/* Begin PBXFileReference section */
		01F9ADD259D64499CFCDA099 /* Pods_chat.framework */ = {isa = PBXFileReference; explicitFileType = wrapper.framework; includeInIndex = 0; path = Pods_chat.framework; sourceTree = BUILT_PRODUCTS_DIR; };
		646F342774163535587966D7 /* Pods-chat.release.xcconfig */ = {isa = PBXFileReference; includeInIndex = 1; lastKnownFileType = text.xcconfig; name = "Pods-chat.release.xcconfig"; path = "Pods/Target Support Files/Pods-chat/Pods-chat.release.xcconfig"; sourceTree = "<group>"; };
		9F0474E5201B705D0094FE8C /* chat.app */ = {isa = PBXFileReference; explicitFileType = wrapper.application; includeInIndex = 0; path = chat.app; sourceTree = BUILT_PRODUCTS_DIR; };
		9F0474E8201B705D0094FE8C /* AppDelegate.swift */ = {isa = PBXFileReference; lastKnownFileType = sourcecode.swift; path = AppDelegate.swift; sourceTree = "<group>"; };
		9F0474ED201B705D0094FE8C /* Base */ = {isa = PBXFileReference; lastKnownFileType = file.storyboard; name = Base; path = Base.lproj/Main.storyboard; sourceTree = "<group>"; };
		9F0474EF201B705D0094FE8C /* Assets.xcassets */ = {isa = PBXFileReference; lastKnownFileType = folder.assetcatalog; path = Assets.xcassets; sourceTree = "<group>"; };
		9F0474F2201B705D0094FE8C /* Base */ = {isa = PBXFileReference; lastKnownFileType = file.storyboard; name = Base; path = Base.lproj/LaunchScreen.storyboard; sourceTree = "<group>"; };
		9F0474F4201B705D0094FE8C /* Info.plist */ = {isa = PBXFileReference; lastKnownFileType = text.plist.xml; path = Info.plist; sourceTree = "<group>"; };
		9F0474F9201B705D0094FE8C /* chatTests.xctest */ = {isa = PBXFileReference; explicitFileType = wrapper.cfbundle; includeInIndex = 0; path = chatTests.xctest; sourceTree = BUILT_PRODUCTS_DIR; };
		9F0474FD201B705D0094FE8C /* chatTests.swift */ = {isa = PBXFileReference; lastKnownFileType = sourcecode.swift; path = chatTests.swift; sourceTree = "<group>"; };
		9F0474FF201B705D0094FE8C /* Info.plist */ = {isa = PBXFileReference; lastKnownFileType = text.plist.xml; path = Info.plist; sourceTree = "<group>"; };
		9F04750A201B7A250094FE8C /* DSChatViewController.swift */ = {isa = PBXFileReference; fileEncoding = 4; lastKnownFileType = sourcecode.swift; path = DSChatViewController.swift; sourceTree = "<group>"; };
		9F04750C201B7CE60094FE8C /* RegisterViewController.swift */ = {isa = PBXFileReference; fileEncoding = 4; lastKnownFileType = sourcecode.swift; path = RegisterViewController.swift; sourceTree = "<group>"; };
		9F04750E201B7D580094FE8C /* GoogleService-Info.plist */ = {isa = PBXFileReference; fileEncoding = 4; lastKnownFileType = text.plist.xml; path = "GoogleService-Info.plist"; sourceTree = "<group>"; };
		9F047510201B8D130094FE8C /* LogInViewController.swift */ = {isa = PBXFileReference; fileEncoding = 4; lastKnownFileType = sourcecode.swift; path = LogInViewController.swift; sourceTree = "<group>"; };
		D304923AB6C6910E173E5A67 /* Pods-chat.debug.xcconfig */ = {isa = PBXFileReference; includeInIndex = 1; lastKnownFileType = text.xcconfig; name = "Pods-chat.debug.xcconfig"; path = "Pods/Target Support Files/Pods-chat/Pods-chat.debug.xcconfig"; sourceTree = "<group>"; };
/* End PBXFileReference section */

/* Begin PBXFrameworksBuildPhase section */
		9F0474E2201B705D0094FE8C /* Frameworks */ = {
			isa = PBXFrameworksBuildPhase;
			buildActionMask = 2147483647;
			files = (
				2C8B508FAEF4CB001599EE88 /* Pods_chat.framework in Frameworks */,
			);
			runOnlyForDeploymentPostprocessing = 0;
		};
		9F0474F6201B705D0094FE8C /* Frameworks */ = {
			isa = PBXFrameworksBuildPhase;
			buildActionMask = 2147483647;
			files = (
			);
			runOnlyForDeploymentPostprocessing = 0;
		};
/* End PBXFrameworksBuildPhase section */

/* Begin PBXGroup section */
		31635B6AF741C66A09BEFBEA /* Frameworks */ = {
			isa = PBXGroup;
			children = (
				01F9ADD259D64499CFCDA099 /* Pods_chat.framework */,
			);
			name = Frameworks;
			sourceTree = "<group>";
		};
		9F0474DC201B705D0094FE8C = {
			isa = PBXGroup;
			children = (
				9F0474E7201B705D0094FE8C /* chat */,
				9F0474FC201B705D0094FE8C /* chatTests */,
				9F0474E6201B705D0094FE8C /* Products */,
				C67943AF83368A9343003366 /* Pods */,
				31635B6AF741C66A09BEFBEA /* Frameworks */,
			);
			sourceTree = "<group>";
		};
		9F0474E6201B705D0094FE8C /* Products */ = {
			isa = PBXGroup;
			children = (
				9F0474E5201B705D0094FE8C /* chat.app */,
				9F0474F9201B705D0094FE8C /* chatTests.xctest */,
			);
			name = Products;
			sourceTree = "<group>";
		};
		9F0474E7201B705D0094FE8C /* chat */ = {
			isa = PBXGroup;
			children = (
				9F04750E201B7D580094FE8C /* GoogleService-Info.plist */,
				9F047508201B7A250094FE8C /* Classes */,
				9F0474E8201B705D0094FE8C /* AppDelegate.swift */,
				9F0474EC201B705D0094FE8C /* Main.storyboard */,
				9F0474EF201B705D0094FE8C /* Assets.xcassets */,
				9F0474F1201B705D0094FE8C /* LaunchScreen.storyboard */,
				9F0474F4201B705D0094FE8C /* Info.plist */,
			);
			path = chat;
			sourceTree = "<group>";
		};
		9F0474FC201B705D0094FE8C /* chatTests */ = {
			isa = PBXGroup;
			children = (
				9F0474FD201B705D0094FE8C /* chatTests.swift */,
				9F0474FF201B705D0094FE8C /* Info.plist */,
			);
			path = chatTests;
			sourceTree = "<group>";
		};
		9F047508201B7A250094FE8C /* Classes */ = {
			isa = PBXGroup;
			children = (
				9F047509201B7A250094FE8C /* Controllers */,
			);
			path = Classes;
			sourceTree = "<group>";
		};
		9F047509201B7A250094FE8C /* Controllers */ = {
			isa = PBXGroup;
			children = (
				9F047510201B8D130094FE8C /* LogInViewController.swift */,
				9F04750C201B7CE60094FE8C /* RegisterViewController.swift */,
				9F04750A201B7A250094FE8C /* DSChatViewController.swift */,
			);
			path = Controllers;
			sourceTree = "<group>";
		};
		C67943AF83368A9343003366 /* Pods */ = {
			isa = PBXGroup;
			children = (
				D304923AB6C6910E173E5A67 /* Pods-chat.debug.xcconfig */,
				646F342774163535587966D7 /* Pods-chat.release.xcconfig */,
			);
			name = Pods;
			sourceTree = "<group>";
		};
/* End PBXGroup section */

/* Begin PBXNativeTarget section */
		9F0474E4201B705D0094FE8C /* chat */ = {
			isa = PBXNativeTarget;
			buildConfigurationList = 9F047502201B705D0094FE8C /* Build configuration list for PBXNativeTarget "chat" */;
			buildPhases = (
				DFF6A746E896B1ADB34455D4 /* [CP] Check Pods Manifest.lock */,
				9F0474E1201B705D0094FE8C /* Sources */,
				9F0474E2201B705D0094FE8C /* Frameworks */,
				9F0474E3201B705D0094FE8C /* Resources */,
				B060E2CBFB7174123286AC46 /* [CP] Embed Pods Frameworks */,
				2B469EF00F6483A577A30E06 /* [CP] Copy Pods Resources */,
			);
			buildRules = (
			);
			dependencies = (
			);
			name = chat;
			productName = chat;
			productReference = 9F0474E5201B705D0094FE8C /* chat.app */;
			productType = "com.apple.product-type.application";
		};
		9F0474F8201B705D0094FE8C /* chatTests */ = {
			isa = PBXNativeTarget;
			buildConfigurationList = 9F047505201B705D0094FE8C /* Build configuration list for PBXNativeTarget "chatTests" */;
			buildPhases = (
				9F0474F5201B705D0094FE8C /* Sources */,
				9F0474F6201B705D0094FE8C /* Frameworks */,
				9F0474F7201B705D0094FE8C /* Resources */,
			);
			buildRules = (
			);
			dependencies = (
				9F0474FB201B705D0094FE8C /* PBXTargetDependency */,
			);
			name = chatTests;
			productName = chatTests;
			productReference = 9F0474F9201B705D0094FE8C /* chatTests.xctest */;
			productType = "com.apple.product-type.bundle.unit-test";
		};
/* End PBXNativeTarget section */

/* Begin PBXProject section */
		9F0474DD201B705D0094FE8C /* Project object */ = {
			isa = PBXProject;
			attributes = {
				LastSwiftUpdateCheck = 0920;
				LastUpgradeCheck = 0920;
				ORGANIZATIONNAME = sean;
				TargetAttributes = {
					9F0474E4201B705D0094FE8C = {
						CreatedOnToolsVersion = 9.2;
						ProvisioningStyle = Automatic;
					};
					9F0474F8201B705D0094FE8C = {
						CreatedOnToolsVersion = 9.2;
						ProvisioningStyle = Automatic;
						TestTargetID = 9F0474E4201B705D0094FE8C;
					};
				};
			};
			buildConfigurationList = 9F0474E0201B705D0094FE8C /* Build configuration list for PBXProject "chat" */;
			compatibilityVersion = "Xcode 8.0";
			developmentRegion = en;
			hasScannedForEncodings = 0;
			knownRegions = (
				en,
				Base,
			);
			mainGroup = 9F0474DC201B705D0094FE8C;
			productRefGroup = 9F0474E6201B705D0094FE8C /* Products */;
			projectDirPath = "";
			projectRoot = "";
			targets = (
				9F0474E4201B705D0094FE8C /* chat */,
				9F0474F8201B705D0094FE8C /* chatTests */,
			);
		};
/* End PBXProject section */

/* Begin PBXResourcesBuildPhase section */
		9F0474E3201B705D0094FE8C /* Resources */ = {
			isa = PBXResourcesBuildPhase;
			buildActionMask = 2147483647;
			files = (
				9F0474F3201B705D0094FE8C /* LaunchScreen.storyboard in Resources */,
				9F04750F201B7D580094FE8C /* GoogleService-Info.plist in Resources */,
				9F0474F0201B705D0094FE8C /* Assets.xcassets in Resources */,
				9F0474EE201B705D0094FE8C /* Main.storyboard in Resources */,
			);
			runOnlyForDeploymentPostprocessing = 0;
		};
		9F0474F7201B705D0094FE8C /* Resources */ = {
			isa = PBXResourcesBuildPhase;
			buildActionMask = 2147483647;
			files = (
			);
			runOnlyForDeploymentPostprocessing = 0;
		};
/* End PBXResourcesBuildPhase section */

/* Begin PBXShellScriptBuildPhase section */
		2B469EF00F6483A577A30E06 /* [CP] Copy Pods Resources */ = {
			isa = PBXShellScriptBuildPhase;
			buildActionMask = 2147483647;
			files = (
			);
			inputPaths = (
			);
			name = "[CP] Copy Pods Resources";
			outputPaths = (
			);
			runOnlyForDeploymentPostprocessing = 0;
			shellPath = /bin/sh;
			shellScript = "\"${SRCROOT}/Pods/Target Support Files/Pods-chat/Pods-chat-resources.sh\"\n";
			showEnvVarsInLog = 0;
		};
		B060E2CBFB7174123286AC46 /* [CP] Embed Pods Frameworks */ = {
			isa = PBXShellScriptBuildPhase;
			buildActionMask = 2147483647;
			files = (
			);
			inputPaths = (
				"${SRCROOT}/Pods/Target Support Files/Pods-chat/Pods-chat-frameworks.sh",
				"${BUILT_PRODUCTS_DIR}/ChameleonFramework/ChameleonFramework.framework",
				"${BUILT_PRODUCTS_DIR}/GTMSessionFetcher/GTMSessionFetcher.framework",
				"${BUILT_PRODUCTS_DIR}/GoogleToolboxForMac/GoogleToolboxForMac.framework",
				"${BUILT_PRODUCTS_DIR}/SVProgressHUD/SVProgressHUD.framework",
				"${BUILT_PRODUCTS_DIR}/leveldb-library/leveldb.framework",
				"${BUILT_PRODUCTS_DIR}/nanopb/nanopb.framework",
			);
			name = "[CP] Embed Pods Frameworks";
			outputPaths = (
				"${TARGET_BUILD_DIR}/${FRAMEWORKS_FOLDER_PATH}/ChameleonFramework.framework",
				"${TARGET_BUILD_DIR}/${FRAMEWORKS_FOLDER_PATH}/GTMSessionFetcher.framework",
				"${TARGET_BUILD_DIR}/${FRAMEWORKS_FOLDER_PATH}/GoogleToolboxForMac.framework",
				"${TARGET_BUILD_DIR}/${FRAMEWORKS_FOLDER_PATH}/SVProgressHUD.framework",
				"${TARGET_BUILD_DIR}/${FRAMEWORKS_FOLDER_PATH}/leveldb.framework",
				"${TARGET_BUILD_DIR}/${FRAMEWORKS_FOLDER_PATH}/nanopb.framework",
			);
			runOnlyForDeploymentPostprocessing = 0;
			shellPath = /bin/sh;
			shellScript = "\"${SRCROOT}/Pods/Target Support Files/Pods-chat/Pods-chat-frameworks.sh\"\n";
			showEnvVarsInLog = 0;
		};
		DFF6A746E896B1ADB34455D4 /* [CP] Check Pods Manifest.lock */ = {
			isa = PBXShellScriptBuildPhase;
			buildActionMask = 2147483647;
			files = (
			);
			inputPaths = (
				"${PODS_PODFILE_DIR_PATH}/Podfile.lock",
				"${PODS_ROOT}/Manifest.lock",
			);
			name = "[CP] Check Pods Manifest.lock";
			outputPaths = (
				"$(DERIVED_FILE_DIR)/Pods-chat-checkManifestLockResult.txt",
			);
			runOnlyForDeploymentPostprocessing = 0;
			shellPath = /bin/sh;
			shellScript = "diff \"${PODS_PODFILE_DIR_PATH}/Podfile.lock\" \"${PODS_ROOT}/Manifest.lock\" > /dev/null\nif [ $? != 0 ] ; then\n    # print error to STDERR\n    echo \"error: The sandbox is not in sync with the Podfile.lock. Run 'pod install' or update your CocoaPods installation.\" >&2\n    exit 1\nfi\n# This output is used by Xcode 'outputs' to avoid re-running this script phase.\necho \"SUCCESS\" > \"${SCRIPT_OUTPUT_FILE_0}\"\n";
			showEnvVarsInLog = 0;
		};
/* End PBXShellScriptBuildPhase section */

/* Begin PBXSourcesBuildPhase section */
		9F0474E1201B705D0094FE8C /* Sources */ = {
			isa = PBXSourcesBuildPhase;
			buildActionMask = 2147483647;
			files = (
				9F047511201B8D130094FE8C /* LogInViewController.swift in Sources */,
				9F04750D201B7CE60094FE8C /* RegisterViewController.swift in Sources */,
				9F04750B201B7A250094FE8C /* DSChatViewController.swift in Sources */,
				9F0474E9201B705D0094FE8C /* AppDelegate.swift in Sources */,
			);
			runOnlyForDeploymentPostprocessing = 0;
		};
		9F0474F5201B705D0094FE8C /* Sources */ = {
			isa = PBXSourcesBuildPhase;
			buildActionMask = 2147483647;
			files = (
				9F0474FE201B705D0094FE8C /* chatTests.swift in Sources */,
			);
			runOnlyForDeploymentPostprocessing = 0;
		};
/* End PBXSourcesBuildPhase section */

/* Begin PBXTargetDependency section */
		9F0474FB201B705D0094FE8C /* PBXTargetDependency */ = {
			isa = PBXTargetDependency;
			target = 9F0474E4201B705D0094FE8C /* chat */;
			targetProxy = 9F0474FA201B705D0094FE8C /* PBXContainerItemProxy */;
		};
/* End PBXTargetDependency section */

/* Begin PBXVariantGroup section */
		9F0474EC201B705D0094FE8C /* Main.storyboard */ = {
			isa = PBXVariantGroup;
			children = (
				9F0474ED201B705D0094FE8C /* Base */,
			);
			name = Main.storyboard;
			sourceTree = "<group>";
		};
		9F0474F1201B705D0094FE8C /* LaunchScreen.storyboard */ = {
			isa = PBXVariantGroup;
			children = (
				9F0474F2201B705D0094FE8C /* Base */,
			);
			name = LaunchScreen.storyboard;
			sourceTree = "<group>";
		};
/* End PBXVariantGroup section */

/* Begin XCBuildConfiguration section */
		9F047500201B705D0094FE8C /* Debug */ = {
			isa = XCBuildConfiguration;
			buildSettings = {
				ALWAYS_SEARCH_USER_PATHS = NO;
				CLANG_ANALYZER_NONNULL = YES;
				CLANG_ANALYZER_NUMBER_OBJECT_CONVERSION = YES_AGGRESSIVE;
				CLANG_CXX_LANGUAGE_STANDARD = "gnu++14";
				CLANG_CXX_LIBRARY = "libc++";
				CLANG_ENABLE_MODULES = YES;
				CLANG_ENABLE_OBJC_ARC = YES;
				CLANG_WARN_BLOCK_CAPTURE_AUTORELEASING = YES;
				CLANG_WARN_BOOL_CONVERSION = YES;
				CLANG_WARN_COMMA = YES;
				CLANG_WARN_CONSTANT_CONVERSION = YES;
				CLANG_WARN_DIRECT_OBJC_ISA_USAGE = YES_ERROR;
				CLANG_WARN_DOCUMENTATION_COMMENTS = YES;
				CLANG_WARN_EMPTY_BODY = YES;
				CLANG_WARN_ENUM_CONVERSION = YES;
				CLANG_WARN_INFINITE_RECURSION = YES;
				CLANG_WARN_INT_CONVERSION = YES;
				CLANG_WARN_NON_LITERAL_NULL_CONVERSION = YES;
				CLANG_WARN_OBJC_LITERAL_CONVERSION = YES;
				CLANG_WARN_OBJC_ROOT_CLASS = YES_ERROR;
				CLANG_WARN_RANGE_LOOP_ANALYSIS = YES;
				CLANG_WARN_STRICT_PROTOTYPES = YES;
				CLANG_WARN_SUSPICIOUS_MOVE = YES;
				CLANG_WARN_UNGUARDED_AVAILABILITY = YES_AGGRESSIVE;
				CLANG_WARN_UNREACHABLE_CODE = YES;
				CLANG_WARN__DUPLICATE_METHOD_MATCH = YES;
				CODE_SIGN_IDENTITY = "iPhone Developer";
				COPY_PHASE_STRIP = NO;
				DEBUG_INFORMATION_FORMAT = dwarf;
				ENABLE_STRICT_OBJC_MSGSEND = YES;
				ENABLE_TESTABILITY = YES;
				GCC_C_LANGUAGE_STANDARD = gnu11;
				GCC_DYNAMIC_NO_PIC = NO;
				GCC_NO_COMMON_BLOCKS = YES;
				GCC_OPTIMIZATION_LEVEL = 0;
				GCC_PREPROCESSOR_DEFINITIONS = (
					"DEBUG=1",
					"$(inherited)",
				);
				GCC_WARN_64_TO_32_BIT_CONVERSION = YES;
				GCC_WARN_ABOUT_RETURN_TYPE = YES_ERROR;
				GCC_WARN_UNDECLARED_SELECTOR = YES;
				GCC_WARN_UNINITIALIZED_AUTOS = YES_AGGRESSIVE;
				GCC_WARN_UNUSED_FUNCTION = YES;
				GCC_WARN_UNUSED_VARIABLE = YES;
				IPHONEOS_DEPLOYMENT_TARGET = 11.2;
				MTL_ENABLE_DEBUG_INFO = YES;
				ONLY_ACTIVE_ARCH = YES;
				SDKROOT = iphoneos;
				SWIFT_ACTIVE_COMPILATION_CONDITIONS = DEBUG;
				SWIFT_OPTIMIZATION_LEVEL = "-Onone";
			};
			name = Debug;
		};
		9F047501201B705D0094FE8C /* Release */ = {
			isa = XCBuildConfiguration;
			buildSettings = {
				ALWAYS_SEARCH_USER_PATHS = NO;
				CLANG_ANALYZER_NONNULL = YES;
				CLANG_ANALYZER_NUMBER_OBJECT_CONVERSION = YES_AGGRESSIVE;
				CLANG_CXX_LANGUAGE_STANDARD = "gnu++14";
				CLANG_CXX_LIBRARY = "libc++";
				CLANG_ENABLE_MODULES = YES;
				CLANG_ENABLE_OBJC_ARC = YES;
				CLANG_WARN_BLOCK_CAPTURE_AUTORELEASING = YES;
				CLANG_WARN_BOOL_CONVERSION = YES;
				CLANG_WARN_COMMA = YES;
				CLANG_WARN_CONSTANT_CONVERSION = YES;
				CLANG_WARN_DIRECT_OBJC_ISA_USAGE = YES_ERROR;
				CLANG_WARN_DOCUMENTATION_COMMENTS = YES;
				CLANG_WARN_EMPTY_BODY = YES;
				CLANG_WARN_ENUM_CONVERSION = YES;
				CLANG_WARN_INFINITE_RECURSION = YES;
				CLANG_WARN_INT_CONVERSION = YES;
				CLANG_WARN_NON_LITERAL_NULL_CONVERSION = YES;
				CLANG_WARN_OBJC_LITERAL_CONVERSION = YES;
				CLANG_WARN_OBJC_ROOT_CLASS = YES_ERROR;
				CLANG_WARN_RANGE_LOOP_ANALYSIS = YES;
				CLANG_WARN_STRICT_PROTOTYPES = YES;
				CLANG_WARN_SUSPICIOUS_MOVE = YES;
				CLANG_WARN_UNGUARDED_AVAILABILITY = YES_AGGRESSIVE;
				CLANG_WARN_UNREACHABLE_CODE = YES;
				CLANG_WARN__DUPLICATE_METHOD_MATCH = YES;
				CODE_SIGN_IDENTITY = "iPhone Developer";
				COPY_PHASE_STRIP = NO;
				DEBUG_INFORMATION_FORMAT = "dwarf-with-dsym";
				ENABLE_NS_ASSERTIONS = NO;
				ENABLE_STRICT_OBJC_MSGSEND = YES;
				GCC_C_LANGUAGE_STANDARD = gnu11;
				GCC_NO_COMMON_BLOCKS = YES;
				GCC_WARN_64_TO_32_BIT_CONVERSION = YES;
				GCC_WARN_ABOUT_RETURN_TYPE = YES_ERROR;
				GCC_WARN_UNDECLARED_SELECTOR = YES;
				GCC_WARN_UNINITIALIZED_AUTOS = YES_AGGRESSIVE;
				GCC_WARN_UNUSED_FUNCTION = YES;
				GCC_WARN_UNUSED_VARIABLE = YES;
				IPHONEOS_DEPLOYMENT_TARGET = 11.2;
				MTL_ENABLE_DEBUG_INFO = NO;
				SDKROOT = iphoneos;
				SWIFT_OPTIMIZATION_LEVEL = "-Owholemodule";
				VALIDATE_PRODUCT = YES;
			};
			name = Release;
		};
		9F047503201B705D0094FE8C /* Debug */ = {
			isa = XCBuildConfiguration;
			baseConfigurationReference = D304923AB6C6910E173E5A67 /* Pods-chat.debug.xcconfig */;
			buildSettings = {
				ASSETCATALOG_COMPILER_APPICON_NAME = AppIcon;
				CODE_SIGN_STYLE = Automatic;
				DEVELOPMENT_TEAM = PW5NAYWBLM;
				INFOPLIST_FILE = chat/Info.plist;
				IPHONEOS_DEPLOYMENT_TARGET = 11.0;
				LD_RUNPATH_SEARCH_PATHS = "$(inherited) @executable_path/Frameworks";
				PRODUCT_BUNDLE_IDENTIFIER = com.sean.chat;
				PRODUCT_NAME = "$(TARGET_NAME)";
				SWIFT_VERSION = 4.0;
				TARGETED_DEVICE_FAMILY = "1,2";
			};
			name = Debug;
		};
		9F047504201B705D0094FE8C /* Release */ = {
			isa = XCBuildConfiguration;
			baseConfigurationReference = 646F342774163535587966D7 /* Pods-chat.release.xcconfig */;
			buildSettings = {
				ASSETCATALOG_COMPILER_APPICON_NAME = AppIcon;
				CODE_SIGN_STYLE = Automatic;
				DEVELOPMENT_TEAM = PW5NAYWBLM;
				INFOPLIST_FILE = chat/Info.plist;
				IPHONEOS_DEPLOYMENT_TARGET = 11.0;
				LD_RUNPATH_SEARCH_PATHS = "$(inherited) @executable_path/Frameworks";
				PRODUCT_BUNDLE_IDENTIFIER = com.sean.chat;
				PRODUCT_NAME = "$(TARGET_NAME)";
				SWIFT_VERSION = 4.0;
				TARGETED_DEVICE_FAMILY = "1,2";
			};
			name = Release;
		};
		9F047506201B705D0094FE8C /* Debug */ = {
			isa = XCBuildConfiguration;
			buildSettings = {
				ALWAYS_EMBED_SWIFT_STANDARD_LIBRARIES = YES;
				BUNDLE_LOADER = "$(TEST_HOST)";
				CODE_SIGN_STYLE = Automatic;
				DEVELOPMENT_TEAM = PW5NAYWBLM;
				INFOPLIST_FILE = chatTests/Info.plist;
				LD_RUNPATH_SEARCH_PATHS = "$(inherited) @executable_path/Frameworks @loader_path/Frameworks";
				PRODUCT_BUNDLE_IDENTIFIER = com.sean.chatTests;
				PRODUCT_NAME = "$(TARGET_NAME)";
				SWIFT_VERSION = 4.0;
				TARGETED_DEVICE_FAMILY = "1,2";
				TEST_HOST = "$(BUILT_PRODUCTS_DIR)/chat.app/chat";
			};
			name = Debug;
		};
		9F047507201B705D0094FE8C /* Release */ = {
			isa = XCBuildConfiguration;
			buildSettings = {
				ALWAYS_EMBED_SWIFT_STANDARD_LIBRARIES = YES;
				BUNDLE_LOADER = "$(TEST_HOST)";
				CODE_SIGN_STYLE = Automatic;
				DEVELOPMENT_TEAM = PW5NAYWBLM;
				INFOPLIST_FILE = chatTests/Info.plist;
				LD_RUNPATH_SEARCH_PATHS = "$(inherited) @executable_path/Frameworks @loader_path/Frameworks";
				PRODUCT_BUNDLE_IDENTIFIER = com.sean.chatTests;
				PRODUCT_NAME = "$(TARGET_NAME)";
				SWIFT_VERSION = 4.0;
				TARGETED_DEVICE_FAMILY = "1,2";
				TEST_HOST = "$(BUILT_PRODUCTS_DIR)/chat.app/chat";
			};
			name = Release;
		};
/* End XCBuildConfiguration section */

/* Begin XCConfigurationList section */
		9F0474E0201B705D0094FE8C /* Build configuration list for PBXProject "chat" */ = {
			isa = XCConfigurationList;
			buildConfigurations = (
				9F047500201B705D0094FE8C /* Debug */,
				9F047501201B705D0094FE8C /* Release */,
			);
			defaultConfigurationIsVisible = 0;
			defaultConfigurationName = Release;
		};
		9F047502201B705D0094FE8C /* Build configuration list for PBXNativeTarget "chat" */ = {
			isa = XCConfigurationList;
			buildConfigurations = (
				9F047503201B705D0094FE8C /* Debug */,
				9F047504201B705D0094FE8C /* Release */,
			);
			defaultConfigurationIsVisible = 0;
			defaultConfigurationName = Release;
		};
		9F047505201B705D0094FE8C /* Build configuration list for PBXNativeTarget "chatTests" */ = {
			isa = XCConfigurationList;
			buildConfigurations = (
				9F047506201B705D0094FE8C /* Debug */,
				9F047507201B705D0094FE8C /* Release */,
			);
			defaultConfigurationIsVisible = 0;
			defaultConfigurationName = Release;
		};
/* End XCConfigurationList section */
	};
	rootObject = 9F0474DD201B705D0094FE8C /* Project object */;
}
